
Microsoft Visual Studio Solution File, Format Version 12.00
# Visual Studio 15
VisualStudioVersion = 15.0.27703.2042
MinimumVisualStudioVersion = 10.0.40219.1
Project("{FAE04EC0-301F-11D3-BF4B-00C04F79EFBC}") = "People", "SystemManagementsDB\People.csproj", "{14D689CE-161E-469A-8FD8-D453DBF232A3}"
EndProject
Project("{FAE04EC0-301F-11D3-BF4B-00C04F79EFBC}") = "SystemManagementDbService", "SystemManagementDbService\SystemManagementDbService.csproj", "{872F084D-C691-44FB-8AA2-95CA68E93FC1}"
EndProject
Global
	GlobalSection(SolutionConfigurationPlatforms) = preSolution
		Debug|Any CPU = Debug|Any CPU
		Release|Any CPU = Release|Any CPU
	EndGlobalSection
	GlobalSection(ProjectConfigurationPlatforms) = postSolution
		{14D689CE-161E-469A-8FD8-D453DBF232A3}.Debug|Any CPU.ActiveCfg = Debug|Any CPU
		{14D689CE-161E-469A-8FD8-D453DBF232A3}.Debug|Any CPU.Build.0 = Debug|Any CPU
		{14D689CE-161E-469A-8FD8-D453DBF232A3}.Release|Any CPU.ActiveCfg = Release|Any CPU
		{14D689CE-161E-469A-8FD8-D453DBF232A3}.Release|Any CPU.Build.0 = Release|Any CPU
		{872F084D-C691-44FB-8AA2-95CA68E93FC1}.Debug|Any CPU.ActiveCfg = Debug|Any CPU
		{872F084D-C691-44FB-8AA2-95CA68E93FC1}.Debug|Any CPU.Build.0 = Debug|Any CPU
		{872F084D-C691-44FB-8AA2-95CA68E93FC1}.Release|Any CPU.ActiveCfg = Release|Any CPU
		{872F084D-C691-44FB-8AA2-95CA68E93FC1}.Release|Any CPU.Build.0 = Release|Any CPU
	EndGlobalSection
	GlobalSection(SolutionProperties) = preSolution
		HideSolutionNode = FALSE
	EndGlobalSection
	GlobalSection(ExtensibilityGlobals) = postSolution
		SolutionGuid = {1212EAC6-45E2-42C5-B074-C82FB34B610A}
	EndGlobalSection
EndGlobal
